
Microsoft Visual Studio Solution File, Format Version 12.00
# Visual Studio Version 17
VisualStudioVersion = 17.9.34728.123
MinimumVisualStudioVersion = 10.0.40219.1
Project("{8BC9CEB8-8B4A-11D0-8D11-00A0C91BC942}") = "YachtDice1", "YachtDice1\YachtDice1.vcxproj", "{F2109AF0-DF84-4A96-888A-D56DA679337F}"
EndProject
Global
	GlobalSection(SolutionConfigurationPlatforms) = preSolution
		Debug|x64 = Debug|x64
		Debug|x86 = Debug|x86
		Release|x64 = Release|x64
		Release|x86 = Release|x86
	EndGlobalSection
	GlobalSection(ProjectConfigurationPlatforms) = postSolution
		{F2109AF0-DF84-4A96-888A-D56DA679337F}.Debug|x64.ActiveCfg = Debug|x64
		{F2109AF0-DF84-4A96-888A-D56DA679337F}.Debug|x64.Build.0 = Debug|x64
		{F2109AF0-DF84-4A96-888A-D56DA679337F}.Debug|x86.ActiveCfg = Debug|Win32
		{F2109AF0-DF84-4A96-888A-D56DA679337F}.Debug|x86.Build.0 = Debug|Win32
		{F2109AF0-DF84-4A96-888A-D56DA679337F}.Release|x64.ActiveCfg = Release|x64
		{F2109AF0-DF84-4A96-888A-D56DA679337F}.Release|x64.Build.0 = Release|x64
		{F2109AF0-DF84-4A96-888A-D56DA679337F}.Release|x86.ActiveCfg = Release|Win32
		{F2109AF0-DF84-4A96-888A-D56DA679337F}.Release|x86.Build.0 = Release|Win32
	EndGlobalSection
	GlobalSection(SolutionProperties) = preSolution
		HideSolutionNode = FALSE
	EndGlobalSection
	GlobalSection(ExtensibilityGlobals) = postSolution
		SolutionGuid = {B5AD6C93-4F85-40FE-841F-81B856D377D6}
	EndGlobalSection
EndGlobal
